Microsoft Visual Studio Solution File, Format Version 12.00
# Visual Studio Version 17
VisualStudioVersion = 17.5.2.0
MinimumVisualStudioVersion = 10.0.40219.1
Project("{FAE04EC0-301F-11D3-BF4B-00C04F79EFBC}") = "tfl-backend-service", "tfl-backend-service.csproj", "{C06BEE5A-2CF0-2C1F-D440-F07B980682BD}"
EndProject
Global
	GlobalSection(SolutionConfigurationPlatforms) = preSolution
		Debug|Any CPU = Debug|Any CPU
		Release|Any CPU = Release|Any CPU
	EndGlobalSection
	GlobalSection(ProjectConfigurationPlatforms) = postSolution
		{C06BEE5A-2CF0-2C1F-D440-F07B980682BD}.Debug|Any CPU.ActiveCfg = Debug|Any CPU
		{C06BEE5A-2CF0-2C1F-D440-F07B980682BD}.Debug|Any CPU.Build.0 = Debug|Any CPU
		{C06BEE5A-2CF0-2C1F-D440-F07B980682BD}.Release|Any CPU.ActiveCfg = Release|Any CPU
		{C06BEE5A-2CF0-2C1F-D440-F07B980682BD}.Release|Any CPU.Build.0 = Release|Any CPU
	EndGlobalSection
	GlobalSection(SolutionProperties) = preSolution
		HideSolutionNode = FALSE
	EndGlobalSection
	GlobalSection(ExtensibilityGlobals) = postSolution
		SolutionGuid = {4619A4F0-10E1-4DF9-A9FB-B6BA2431F18D}
	EndGlobalSection
EndGlobal
